# THIS IS AN AUTOGENERATED FILE. DO NOT EDIT THIS FILE DIRECTLY.
# yarn lockfile v1


acorn@^5.0.0:
  version "5.4.1"
  resolved "https://registry.yarnpkg.com/acorn/-/acorn-5.4.1.tgz#fdc58d9d17f4a4e98d102ded826a9b9759125102"

ansi-regex@^2.0.0:
  version "2.1.1"
  resolved "https://registry.yarnpkg.com/ansi-regex/-/ansi-regex-2.1.1.tgz#c3b33ab5ee360d86e0e628f0468ae7ef27d654df"

argparse@~0.1.15:
  version "0.1.16"
  resolved "https://registry.yarnpkg.com/argparse/-/argparse-0.1.16.tgz#cfd01e0fbba3d6caed049fbd758d40f65196f57c"
  dependencies:
    underscore "~1.7.0"
    underscore.string "~2.4.0"

autolinker@~0.15.0:
  version "0.15.3"
  resolved "https://registry.yarnpkg.com/autolinker/-/autolinker-0.15.3.tgz#342417d8f2f3461b14cf09088d5edf8791dc9832"

bit-twiddle@^1.0.0:
  version "1.0.2"
  resolved "https://registry.yarnpkg.com/bit-twiddle/-/bit-twiddle-1.0.2.tgz#0c6c1fabe2b23d17173d9a61b7b7093eb9e1769e"

bit-twiddle@~0.0.1:
  version "0.0.2"
  resolved "https://registry.yarnpkg.com/bit-twiddle/-/bit-twiddle-0.0.2.tgz#c2eaebb952a3b94acc140497e1cdcd2f1a33f58e"

brfs@^1.3.0:
  version "1.4.4"
  resolved "https://registry.yarnpkg.com/brfs/-/brfs-1.4.4.tgz#fc316bc4880180fa8ee25bcaab65f86910ce1dd5"
  dependencies:
    quote-stream "^1.0.1"
    resolve "^1.1.5"
    static-module "^2.1.1"
    through2 "^2.0.0"

buffer-equal@0.0.1:
  version "0.0.1"
  resolved "https://registry.yarnpkg.com/buffer-equal/-/buffer-equal-0.0.1.tgz#91bc74b11ea405bc916bc6aa908faafa5b4aac4b"

builtin-modules@^1.0.0:
  version "1.1.1"
  resolved "https://registry.yarnpkg.com/builtin-modules/-/builtin-modules-1.1.1.tgz#270f076c5a72c02f5b65a47df94c5fe3a278892f"

c3@^0.4:
  version "0.4.21"
  resolved "https://registry.yarnpkg.com/c3/-/c3-0.4.21.tgz#61a2dc5a31c6a64e011d15b136c160c44fbb9631"
  dependencies:
    d3 "~3.5.0"

camelcase@^3.0.0:
  version "3.0.0"
  resolved "https://registry.yarnpkg.com/camelcase/-/camelcase-3.0.0.tgz#32fc4b9fcdaf845fcdf7e73bb97cac2261f0ab0a"

cliui@^3.2.0:
  version "3.2.0"
  resolved "https://registry.yarnpkg.com/cliui/-/cliui-3.2.0.tgz#120601537a916d29940f934da3b48d585a39213d"
  dependencies:
    string-width "^1.0.1"
    strip-ansi "^3.0.1"
    wrap-ansi "^2.0.0"

code-point-at@^1.0.0:
  version "1.1.0"
  resolved "https://registry.yarnpkg.com/code-point-at/-/code-point-at-1.1.0.tgz#0d070b4d043a5bea33a2f1a40e2edb3d9a4ccf77"

concat-stream@~1.6.0:
  version "1.6.0"
  resolved "https://registry.yarnpkg.com/concat-stream/-/concat-stream-1.6.0.tgz#0aac662fd52be78964d5532f694784e70110acf7"
  dependencies:
    inherits "^2.0.3"
    readable-stream "^2.2.2"
    typedarray "^0.0.6"

core-util-is@~1.0.0:
  version "1.0.2"
  resolved "https://registry.yarnpkg.com/core-util-is/-/core-util-is-1.0.2.tgz#b5fd54220aa2bc5ab57aab7140c940754503c1a7"

cwise-compiler@^1.0.0, cwise-compiler@^1.1.2:
  version "1.1.3"
  resolved "https://registry.yarnpkg.com/cwise-compiler/-/cwise-compiler-1.1.3.tgz#f4d667410e850d3a313a7d2db7b1e505bb034cc5"
  dependencies:
    uniq "^1.0.0"

d3-cloud@^1.2:
  version "1.2.5"
  resolved "https://registry.yarnpkg.com/d3-cloud/-/d3-cloud-1.2.5.tgz#3e91564f2d27fba47fcc7d812eb5081ea24c603d"
  dependencies:
    d3-dispatch "^1.0.3"

d3-dispatch@^1.0.3:
  version "1.0.3"
  resolved "https://registry.yarnpkg.com/d3-dispatch/-/d3-dispatch-1.0.3.tgz#46e1491eaa9b58c358fce5be4e8bed626e7871f8"

d3-geo-projection@0.2:
  version "0.2.16"
  resolved "https://registry.yarnpkg.com/d3-geo-projection/-/d3-geo-projection-0.2.16.tgz#4994ecd1033ddb1533b6c4c5528a1c81dcc29427"
  dependencies:
    brfs "^1.3.0"

d3-queue@1:
  version "1.2.3"
  resolved "https://registry.yarnpkg.com/d3-queue/-/d3-queue-1.2.3.tgz#143a701cfa65fe021292f321c10d14e98abd491b"

d3-queue@2:
  version "2.0.3"
  resolved "https://registry.yarnpkg.com/d3-queue/-/d3-queue-2.0.3.tgz#07fbda3acae5358a9c5299aaf880adf0953ed2c2"

d3@3, d3@^3.5, d3@^3.5.15, d3@~3.5.0:
  version "3.5.17"
  resolved "https://registry.yarnpkg.com/d3/-/d3-3.5.17.tgz#bc46748004378b21a360c9fc7cf5231790762fb8"

d3plus@^1.9:
  version "1.9.8"
  resolved "https://registry.yarnpkg.com/d3plus/-/d3plus-1.9.8.tgz#70cf5afd27419ca087bf1c2d8a1f46010dece97f"
  dependencies:
    d3 "^3.5.15"
    heap "^0.2.6"
    numeric "^1.2.6"
    simplify-js "^1.2.1"
    static-kdtree "^1.0.1"
    topojson "^1.6.24"

decamelize@^1.1.1:
  version "1.2.0"
  resolved "https://registry.yarnpkg.com/decamelize/-/decamelize-1.2.0.tgz#f6534d15148269b20352e7bee26f501f9a191290"

deep-is@~0.1.3:
  version "0.1.3"
  resolved "https://registry.yarnpkg.com/deep-is/-/deep-is-0.1.3.tgz#b369d6fb5dbc13eecf524f91b070feedc357cf34"

doctrine@1.2.3:
  version "1.2.3"
  resolved "https://registry.yarnpkg.com/doctrine/-/doctrine-1.2.3.tgz#6aec6bbd62cf89dd498cae70c0ed9f49da873a6a"
  dependencies:
    esutils "^2.0.2"
    isarray "^1.0.0"

dup@^1.0.0:
  version "1.0.0"
  resolved "https://registry.yarnpkg.com/dup/-/dup-1.0.0.tgz#51fc5ac685f8196469df0b905e934b20af5b4029"

duplexer2@~0.1.4:
  version "0.1.4"
  resolved "https://registry.yarnpkg.com/duplexer2/-/duplexer2-0.1.4.tgz#8b12dab878c0d69e3e7891051662a32fc6bddcc1"
  dependencies:
    readable-stream "^2.0.2"

error-ex@^1.2.0:
  version "1.3.1"
  resolved "https://registry.yarnpkg.com/error-ex/-/error-ex-1.3.1.tgz#f855a86ce61adc4e8621c3cda21e7a7612c3a8dc"
  dependencies:
    is-arrayish "^0.2.1"

escodegen@^1.8.1, escodegen@~1.9.0:
  version "1.9.0"
  resolved "https://registry.yarnpkg.com/escodegen/-/escodegen-1.9.0.tgz#9811a2f265dc1cd3894420ee3717064b632b8852"
  dependencies:
    esprima "^3.1.3"
    estraverse "^4.2.0"
    esutils "^2.0.2"
    optionator "^0.8.1"
  optionalDependencies:
    source-map "~0.5.6"

esprima@^3.1.3:
  version "3.1.3"
  resolved "https://registry.yarnpkg.com/esprima/-/esprima-3.1.3.tgz#fdca51cee6133895e3c88d535ce49dbff62a4633"

estraverse@^4.2.0:
  version "4.2.0"
  resolved "https://registry.yarnpkg.com/estraverse/-/estraverse-4.2.0.tgz#0dee3fed31fcd469618ce7342099fc1afa0bdb13"

esutils@^2.0.2:
  version "2.0.2"
  resolved "https://registry.yarnpkg.com/esutils/-/esutils-2.0.2.tgz#0abf4f1caa5bcb1f7a9d8acc6dea4faaa04bac9b"

falafel@^2.1.0:
  version "2.1.0"
  resolved "https://registry.yarnpkg.com/falafel/-/falafel-2.1.0.tgz#96bb17761daba94f46d001738b3cedf3a67fe06c"
  dependencies:
    acorn "^5.0.0"
    foreach "^2.0.5"
    isarray "0.0.1"
    object-keys "^1.0.6"

fast-levenshtein@~2.0.4:
  version "2.0.6"
  resolved "https://registry.yarnpkg.com/fast-levenshtein/-/fast-levenshtein-2.0.6.tgz#3d8a5c66883a16a30ca8643e851f19baa7797917"

file@0.2.2:
  version "0.2.2"
  resolved "https://registry.yarnpkg.com/file/-/file-0.2.2.tgz#c3dfd8f8cf3535ae455c2b423c2e52635d76b4d3"

find-parent-dir@0.3.0:
  version "0.3.0"
  resolved "https://registry.yarnpkg.com/find-parent-dir/-/find-parent-dir-0.3.0.tgz#33c44b429ab2b2f0646299c5f9f718f376ff8d54"

find-up@^1.0.0:
  version "1.1.2"
  resolved "https://registry.yarnpkg.com/find-up/-/find-up-1.1.2.tgz#6b2e9822b1a2ce0a60ab64d610eccad53cb24d0f"
  dependencies:
    path-exists "^2.0.0"
    pinkie-promise "^2.0.0"

foreach@^2.0.5:
  version "2.0.5"
  resolved "https://registry.yarnpkg.com/foreach/-/foreach-2.0.5.tgz#0bee005018aeb260d0a3af3ae658dd0136ec1b99"

foundation-sites@=6.3.0:
  version "6.3.0"
  resolved "https://registry.yarnpkg.com/foundation-sites/-/foundation-sites-6.3.0.tgz#19b2d6e5edced8418a4a7b4a1d65287ee1c8d512"
  dependencies:
    jquery "^2.2.0"
    what-input "^4.0.3"

function-bind@^1.0.2:
  version "1.1.1"
  resolved "https://registry.yarnpkg.com/function-bind/-/function-bind-1.1.1.tgz#a56899d3ea3c9bab874bb9773b7c5ede92f4895d"

get-caller-file@^1.0.1:
  version "1.0.2"
  resolved "https://registry.yarnpkg.com/get-caller-file/-/get-caller-file-1.0.2.tgz#f702e63127e7e231c160a80c1554acb70d5047e5"

graceful-fs@^4.1.2:
  version "4.1.11"
  resolved "https://registry.yarnpkg.com/graceful-fs/-/graceful-fs-4.1.11.tgz#0e8bdfe4d1ddb8854d64e04ea7c00e2a026e5658"

has@^1.0.1:
  version "1.0.1"
  resolved "https://registry.yarnpkg.com/has/-/has-1.0.1.tgz#8461733f538b0837c9361e39a9ab9e9704dc2f28"
  dependencies:
    function-bind "^1.0.2"

heap@^0.2.6:
  version "0.2.6"
  resolved "https://registry.yarnpkg.com/heap/-/heap-0.2.6.tgz#087e1f10b046932fc8594dd9e6d378afc9d1e5ac"

hosted-git-info@^2.1.4:
  version "2.5.0"
  resolved "https://registry.yarnpkg.com/hosted-git-info/-/hosted-git-info-2.5.0.tgz#6d60e34b3abbc8313062c3b798ef8d901a07af3c"

iconv-lite@0.2:
  version "0.2.11"
  resolved "https://registry.yarnpkg.com/iconv-lite/-/iconv-lite-0.2.11.tgz#1ce60a3a57864a292d1321ff4609ca4bb965adc8"

inherits@^2.0.3, inherits@~2.0.3:
  version "2.0.3"
  resolved "https://registry.yarnpkg.com/inherits/-/inherits-2.0.3.tgz#633c2c83e3da42a502f52466022480f4208261de"

inorder-tree-layout@^1.0.0:
  version "1.0.0"
  resolved "https://registry.yarnpkg.com/inorder-tree-layout/-/inorder-tree-layout-1.0.0.tgz#b538efd775345d7339a2204f210ce215242b3989"
  dependencies:
    bit-twiddle "~0.0.1"

invert-kv@^1.0.0:
  version "1.0.0"
  resolved "https://registry.yarnpkg.com/invert-kv/-/invert-kv-1.0.0.tgz#104a8e4aaca6d3d8cd157a8ef8bfab2d7a3ffdb6"

iota-array@^1.0.0:
  version "1.0.0"
  resolved "https://registry.yarnpkg.com/iota-array/-/iota-array-1.0.0.tgz#81ef57fe5d05814cd58c2483632a99c30a0e8087"

is-arrayish@^0.2.1:
  version "0.2.1"
  resolved "https://registry.yarnpkg.com/is-arrayish/-/is-arrayish-0.2.1.tgz#77c99840527aa8ecb1a8ba697b80645a7a926a9d"

is-buffer@^1.0.2:
  version "1.1.6"
  resolved "https://registry.yarnpkg.com/is-buffer/-/is-buffer-1.1.6.tgz#efaa2ea9daa0d7ab2ea13a97b2b8ad51fefbe8be"

is-builtin-module@^1.0.0:
  version "1.0.0"
  resolved "https://registry.yarnpkg.com/is-builtin-module/-/is-builtin-module-1.0.0.tgz#540572d34f7ac3119f8f76c30cbc1b1e037affbe"
  dependencies:
    builtin-modules "^1.0.0"

is-fullwidth-code-point@^1.0.0:
  version "1.0.0"
  resolved "https://registry.yarnpkg.com/is-fullwidth-code-point/-/is-fullwidth-code-point-1.0.0.tgz#ef9e31386f031a7f0d643af82fde50c457ef00cb"
  dependencies:
    number-is-nan "^1.0.0"

is-utf8@^0.2.0:
  version "0.2.1"
  resolved "https://registry.yarnpkg.com/is-utf8/-/is-utf8-0.2.1.tgz#4b0da1442104d1b336340e80797e865cf39f7d72"

isarray@0.0.1:
  version "0.0.1"
  resolved "https://registry.yarnpkg.com/isarray/-/isarray-0.0.1.tgz#8a18acfca9a8f4177e09abfc6038939b05d1eedf"

isarray@^1.0.0, isarray@~1.0.0:
  version "1.0.0"
  resolved "https://registry.yarnpkg.com/isarray/-/isarray-1.0.0.tgz#bb935d48582cba168c06834957a54a3e07124f11"

jquery-ui@^1.12.1:
  version "1.12.1"
  resolved "https://registry.yarnpkg.com/jquery-ui/-/jquery-ui-1.12.1.tgz#bcb4045c8dd0539c134bc1488cdd3e768a7a9e51"

jquery@^2.2.0:
  version "2.2.4"
  resolved "https://registry.yarnpkg.com/jquery/-/jquery-2.2.4.tgz#2c89d6889b5eac522a7eea32c14521559c6cbf02"

jquery@^3.3.1:
  version "3.3.1"
  resolved "https://registry.yarnpkg.com/jquery/-/jquery-3.3.1.tgz#958ce29e81c9790f31be7792df5d4d95fc57fbca"

lcid@^1.0.0:
  version "1.0.0"
  resolved "https://registry.yarnpkg.com/lcid/-/lcid-1.0.0.tgz#308accafa0bc483a3867b4b6f2b9506251d1b835"
  dependencies:
    invert-kv "^1.0.0"

levn@~0.3.0:
  version "0.3.0"
  resolved "https://registry.yarnpkg.com/levn/-/levn-0.3.0.tgz#3b09924edf9f083c0490fdd4c0bc4421e04764ee"
  dependencies:
    prelude-ls "~1.1.2"
    type-check "~0.3.2"

load-json-file@^1.0.0:
  version "1.1.0"
  resolved "https://registry.yarnpkg.com/load-json-file/-/load-json-file-1.1.0.tgz#956905708d58b4bab4c2261b04f59f31c99374c0"
  dependencies:
    graceful-fs "^4.1.2"
    parse-json "^2.2.0"
    pify "^2.0.0"
    pinkie-promise "^2.0.0"
    strip-bom "^2.0.0"

lodash@4.17.4:
  version "4.17.4"
  resolved "https://registry.yarnpkg.com/lodash/-/lodash-4.17.4.tgz#78203a4d1c328ae1d86dca6460e369b57f4055ae"

minimist@0.0.8:
  version "0.0.8"
  resolved "https://registry.yarnpkg.com/minimist/-/minimist-0.0.8.tgz#857fcabfc3397d2625b8228262e86aa7a011b05d"

minimist@^1.1.3:
  version "1.2.0"
  resolved "https://registry.yarnpkg.com/minimist/-/minimist-1.2.0.tgz#a35008b20f41383eec1fb914f4cd5df79a264284"

mkdirp@0.5.1:
  version "0.5.1"
  resolved "https://registry.yarnpkg.com/mkdirp/-/mkdirp-0.5.1.tgz#30057438eac6cf7f8c4767f38648d6697d75c903"
  dependencies:
    minimist "0.0.8"

modernizr@^3.5.0:
  version "3.5.0"
  resolved "https://registry.yarnpkg.com/modernizr/-/modernizr-3.5.0.tgz#396a02231bdc54628bbde2c0813a8e884c7e8060"
  dependencies:
    doctrine "1.2.3"
    file "0.2.2"
    find-parent-dir "0.3.0"
    lodash "4.17.4"
    mkdirp "0.5.1"
    remarkable "^1.6.2"
    requirejs "2.1.22"
    yargs "7.0.2"

ndarray-ops@^1.2.1:
  version "1.2.2"
  resolved "https://registry.yarnpkg.com/ndarray-ops/-/ndarray-ops-1.2.2.tgz#59e88d2c32a7eebcb1bc690fae141579557a614e"
  dependencies:
    cwise-compiler "^1.0.0"

ndarray-pack@^1.1.0:
  version "1.2.1"
  resolved "https://registry.yarnpkg.com/ndarray-pack/-/ndarray-pack-1.2.1.tgz#8caebeaaa24d5ecf70ff86020637977da8ee585a"
  dependencies:
    cwise-compiler "^1.1.2"
    ndarray "^1.0.13"

ndarray-scratch@^1.0.0:
  version "1.2.0"
  resolved "https://registry.yarnpkg.com/ndarray-scratch/-/ndarray-scratch-1.2.0.tgz#6304636d62eba93db4727ac13c693341dba50e01"
  dependencies:
    ndarray "^1.0.14"
    ndarray-ops "^1.2.1"
    typedarray-pool "^1.0.2"

ndarray-select@^1.0.0:
  version "1.0.1"
  resolved "https://registry.yarnpkg.com/ndarray-select/-/ndarray-select-1.0.1.tgz#e68c9f85f705d1dde29307de148d4f08b7b578b7"

ndarray@^1.0.13, ndarray@^1.0.14:
  version "1.0.18"
  resolved "https://registry.yarnpkg.com/ndarray/-/ndarray-1.0.18.tgz#b60d3a73224ec555d0faa79711e502448fd3f793"
  dependencies:
    iota-array "^1.0.0"
    is-buffer "^1.0.2"

normalize-package-data@^2.3.2:
  version "2.4.0"
  resolved "https://registry.yarnpkg.com/normalize-package-data/-/normalize-package-data-2.4.0.tgz#12f95a307d58352075a04907b84ac8be98ac012f"
  dependencies:
    hosted-git-info "^2.1.4"
    is-builtin-module "^1.0.0"
    semver "2 || 3 || 4 || 5"
    validate-npm-package-license "^3.0.1"

number-is-nan@^1.0.0:
  version "1.0.1"
  resolved "https://registry.yarnpkg.com/number-is-nan/-/number-is-nan-1.0.1.tgz#097b602b53422a522c1afb8790318336941a011d"

numeric@^1.2.6:
  version "1.2.6"
  resolved "https://registry.yarnpkg.com/numeric/-/numeric-1.2.6.tgz#765b02bef97988fcf880d4eb3f36b80fa31335aa"

object-inspect@~1.4.0:
  version "1.4.1"
  resolved "https://registry.yarnpkg.com/object-inspect/-/object-inspect-1.4.1.tgz#37ffb10e71adaf3748d05f713b4c9452f402cbc4"

object-keys@^1.0.6:
  version "1.0.11"
  resolved "https://registry.yarnpkg.com/object-keys/-/object-keys-1.0.11.tgz#c54601778ad560f1142ce0e01bcca8b56d13426d"

optimist@0.3:
  version "0.3.7"
  resolved "https://registry.yarnpkg.com/optimist/-/optimist-0.3.7.tgz#c90941ad59e4273328923074d2cf2e7cbc6ec0d9"
  dependencies:
    wordwrap "~0.0.2"

optionator@^0.8.1:
  version "0.8.2"
  resolved "https://registry.yarnpkg.com/optionator/-/optionator-0.8.2.tgz#364c5e409d3f4d6301d6c0b4c05bba50180aeb64"
  dependencies:
    deep-is "~0.1.3"
    fast-levenshtein "~2.0.4"
    levn "~0.3.0"
    prelude-ls "~1.1.2"
    type-check "~0.3.2"
    wordwrap "~1.0.0"

os-locale@^1.4.0:
  version "1.4.0"
  resolved "https://registry.yarnpkg.com/os-locale/-/os-locale-1.4.0.tgz#20f9f17ae29ed345e8bde583b13d2009803c14d9"
  dependencies:
    lcid "^1.0.0"

parse-json@^2.2.0:
  version "2.2.0"
  resolved "https://registry.yarnpkg.com/parse-json/-/parse-json-2.2.0.tgz#f480f40434ef80741f8469099f8dea18f55a4dc9"
  dependencies:
    error-ex "^1.2.0"

path-exists@^2.0.0:
  version "2.1.0"
  resolved "https://registry.yarnpkg.com/path-exists/-/path-exists-2.1.0.tgz#0feb6c64f0fc518d9a754dd5efb62c7022761f4b"
  dependencies:
    pinkie-promise "^2.0.0"

path-parse@^1.0.5:
  version "1.0.5"
  resolved "https://registry.yarnpkg.com/path-parse/-/path-parse-1.0.5.tgz#3c1adf871ea9cd6c9431b6ea2bd74a0ff055c4c1"

path-type@^1.0.0:
  version "1.1.0"
  resolved "https://registry.yarnpkg.com/path-type/-/path-type-1.1.0.tgz#59c44f7ee491da704da415da5a4070ba4f8fe441"
  dependencies:
    graceful-fs "^4.1.2"
    pify "^2.0.0"
    pinkie-promise "^2.0.0"

pify@^2.0.0:
  version "2.3.0"
  resolved "https://registry.yarnpkg.com/pify/-/pify-2.3.0.tgz#ed141a6ac043a849ea588498e7dca8b15330e90c"

pinkie-promise@^2.0.0:
  version "2.0.1"
  resolved "https://registry.yarnpkg.com/pinkie-promise/-/pinkie-promise-2.0.1.tgz#2135d6dfa7a358c069ac9b178776288228450ffa"
  dependencies:
    pinkie "^2.0.0"

pinkie@^2.0.0:
  version "2.0.4"
  resolved "https://registry.yarnpkg.com/pinkie/-/pinkie-2.0.4.tgz#72556b80cfa0d48a974e80e77248e80ed4f7f870"

prelude-ls@~1.1.2:
  version "1.1.2"
  resolved "https://registry.yarnpkg.com/prelude-ls/-/prelude-ls-1.1.2.tgz#21932a549f5e52ffd9a827f570e04be62a97da54"

process-nextick-args@~2.0.0:
  version "2.0.0"
  resolved "https://registry.yarnpkg.com/process-nextick-args/-/process-nextick-args-2.0.0.tgz#a37d732f4271b4ab1ad070d35508e8290788ffaa"

quote-stream@^1.0.1, quote-stream@~1.0.2:
  version "1.0.2"
  resolved "https://registry.yarnpkg.com/quote-stream/-/quote-stream-1.0.2.tgz#84963f8c9c26b942e153feeb53aae74652b7e0b2"
  dependencies:
    buffer-equal "0.0.1"
    minimist "^1.1.3"
    through2 "^2.0.0"

read-pkg-up@^1.0.1:
  version "1.0.1"
  resolved "https://registry.yarnpkg.com/read-pkg-up/-/read-pkg-up-1.0.1.tgz#9d63c13276c065918d57f002a57f40a1b643fb02"
  dependencies:
    find-up "^1.0.0"
    read-pkg "^1.0.0"

read-pkg@^1.0.0:
  version "1.1.0"
  resolved "https://registry.yarnpkg.com/read-pkg/-/read-pkg-1.1.0.tgz#f5ffaa5ecd29cb31c0474bca7d756b6bb29e3f28"
  dependencies:
    load-json-file "^1.0.0"
    normalize-package-data "^2.3.2"
    path-type "^1.0.0"

readable-stream@^2.0.2, readable-stream@^2.1.5, readable-stream@^2.2.2, readable-stream@~2.3.3:
  version "2.3.4"
  resolved "https://registry.yarnpkg.com/readable-stream/-/readable-stream-2.3.4.tgz#c946c3f47fa7d8eabc0b6150f4a12f69a4574071"
  dependencies:
    core-util-is "~1.0.0"
    inherits "~2.0.3"
    isarray "~1.0.0"
    process-nextick-args "~2.0.0"
    safe-buffer "~5.1.1"
    string_decoder "~1.0.3"
    util-deprecate "~1.0.1"

remarkable@^1.6.2:
  version "1.7.1"
  resolved "https://registry.yarnpkg.com/remarkable/-/remarkable-1.7.1.tgz#aaca4972100b66a642a63a1021ca4bac1be3bff6"
  dependencies:
    argparse "~0.1.15"
    autolinker "~0.15.0"

require-directory@^2.1.1:
  version "2.1.1"
  resolved "https://registry.yarnpkg.com/require-directory/-/require-directory-2.1.1.tgz#8c64ad5fd30dab1c976e2344ffe7f792a6a6df42"

require-main-filename@^1.0.1:
  version "1.0.1"
  resolved "https://registry.yarnpkg.com/require-main-filename/-/require-main-filename-1.0.1.tgz#97f717b69d48784f5f526a6c5aa8ffdda055a4d1"

requirejs@2.1.22:
  version "2.1.22"
  resolved "https://registry.yarnpkg.com/requirejs/-/requirejs-2.1.22.tgz#dd78fd2d34180c0d62c724b5b8aebc0664e0366f"

resolve@^1.1.5:
  version "1.5.0"
  resolved "https://registry.yarnpkg.com/resolve/-/resolve-1.5.0.tgz#1f09acce796c9a762579f31b2c1cc4c3cddf9f36"
  dependencies:
    path-parse "^1.0.5"

rw@1:
  version "1.3.3"
  resolved "https://registry.yarnpkg.com/rw/-/rw-1.3.3.tgz#3f862dfa91ab766b14885ef4d01124bfda074fb4"

safe-buffer@~5.1.0, safe-buffer@~5.1.1:
  version "5.1.1"
  resolved "https://registry.yarnpkg.com/safe-buffer/-/safe-buffer-5.1.1.tgz#893312af69b2123def71f57889001671eeb2c853"

"semver@2 || 3 || 4 || 5":
  version "5.5.0"
  resolved "https://registry.yarnpkg.com/semver/-/semver-5.5.0.tgz#dc4bbc7a6ca9d916dee5d43516f0092b58f7b8ab"

set-blocking@^2.0.0:
  version "2.0.0"
  resolved "https://registry.yarnpkg.com/set-blocking/-/set-blocking-2.0.0.tgz#045f9782d011ae9a6803ddd382b24392b3d890f7"

shallow-copy@~0.0.1:
  version "0.0.1"
  resolved "https://registry.yarnpkg.com/shallow-copy/-/shallow-copy-0.0.1.tgz#415f42702d73d810330292cc5ee86eae1a11a170"

shapefile@0.3:
  version "0.3.1"
  resolved "https://registry.yarnpkg.com/shapefile/-/shapefile-0.3.1.tgz#9bb9a429bd6086a0cfb03962d14cfdf420ffba12"
  dependencies:
    d3-queue "1"
    iconv-lite "0.2"
    optimist "0.3"

simplify-js@^1.2.1:
  version "1.2.3"
  resolved "https://registry.yarnpkg.com/simplify-js/-/simplify-js-1.2.3.tgz#a3422c1b9884d60421345eb44d2b872662df27f5"

source-map@~0.5.6:
  version "0.5.7"
  resolved "https://registry.yarnpkg.com/source-map/-/source-map-0.5.7.tgz#8a039d2d1021d22d1ea14c80d8ea468ba2ef3fcc"

spdx-correct@~1.0.0:
  version "1.0.2"
  resolved "https://registry.yarnpkg.com/spdx-correct/-/spdx-correct-1.0.2.tgz#4b3073d933ff51f3912f03ac5519498a4150db40"
  dependencies:
    spdx-license-ids "^1.0.2"

spdx-expression-parse@~1.0.0:
  version "1.0.4"
  resolved "https://registry.yarnpkg.com/spdx-expression-parse/-/spdx-expression-parse-1.0.4.tgz#9bdf2f20e1f40ed447fbe273266191fced51626c"

spdx-license-ids@^1.0.2:
  version "1.2.2"
  resolved "https://registry.yarnpkg.com/spdx-license-ids/-/spdx-license-ids-1.2.2.tgz#c9df7a3424594ade6bd11900d596696dc06bac57"

static-eval@^2.0.0:
  version "2.0.0"
  resolved "https://registry.yarnpkg.com/static-eval/-/static-eval-2.0.0.tgz#0e821f8926847def7b4b50cda5d55c04a9b13864"
  dependencies:
    escodegen "^1.8.1"

static-kdtree@^1.0.1:
  version "1.0.2"
  resolved "https://registry.yarnpkg.com/static-kdtree/-/static-kdtree-1.0.2.tgz#571c120e1bf8254207eff839f09620ef26f081c2"
  dependencies:
    bit-twiddle "^1.0.0"
    inorder-tree-layout "^1.0.0"
    ndarray "^1.0.13"
    ndarray-ops "^1.2.1"
    ndarray-pack "^1.1.0"
    ndarray-scratch "^1.0.0"
    ndarray-select "^1.0.0"
    typedarray-pool "^1.0.0"

static-module@^2.1.1:
  version "2.1.1"
  resolved "https://registry.yarnpkg.com/static-module/-/static-module-2.1.1.tgz#c771f827177507aff941be65a00fb85c210aa668"
  dependencies:
    concat-stream "~1.6.0"
    duplexer2 "~0.1.4"
    escodegen "~1.9.0"
    falafel "^2.1.0"
    has "^1.0.1"
    object-inspect "~1.4.0"
    quote-stream "~1.0.2"
    readable-stream "~2.3.3"
    shallow-copy "~0.0.1"
    static-eval "^2.0.0"
    through2 "~2.0.3"

string-width@^1.0.1, string-width@^1.0.2:
  version "1.0.2"
  resolved "https://registry.yarnpkg.com/string-width/-/string-width-1.0.2.tgz#118bdf5b8cdc51a2a7e70d211e07e2b0b9b107d3"
  dependencies:
    code-point-at "^1.0.0"
    is-fullwidth-code-point "^1.0.0"
    strip-ansi "^3.0.0"

string_decoder@~1.0.3:
  version "1.0.3"
  resolved "https://registry.yarnpkg.com/string_decoder/-/string_decoder-1.0.3.tgz#0fc67d7c141825de94282dd536bec6b9bce860ab"
  dependencies:
    safe-buffer "~5.1.0"

strip-ansi@^3.0.0, strip-ansi@^3.0.1:
  version "3.0.1"
  resolved "https://registry.yarnpkg.com/strip-ansi/-/strip-ansi-3.0.1.tgz#6a385fb8853d952d5ff05d0e8aaf94278dc63dcf"
  dependencies:
    ansi-regex "^2.0.0"

strip-bom@^2.0.0:
  version "2.0.0"
  resolved "https://registry.yarnpkg.com/strip-bom/-/strip-bom-2.0.0.tgz#6219a85616520491f35788bdbf1447a99c7e6b0e"
  dependencies:
    is-utf8 "^0.2.0"

through2@^2.0.0, through2@~2.0.3:
  version "2.0.3"
  resolved "https://registry.yarnpkg.com/through2/-/through2-2.0.3.tgz#0004569b37c7c74ba39c43f3ced78d1ad94140be"
  dependencies:
    readable-stream "^2.1.5"
    xtend "~4.0.1"

topojson@^1.6.24:
  version "1.6.27"
  resolved "https://registry.yarnpkg.com/topojson/-/topojson-1.6.27.tgz#adbe33a67e2f1673d338df12644ad20fc20b42ed"
  dependencies:
    d3 "3"
    d3-geo-projection "0.2"
    d3-queue "2"
    optimist "0.3"
    rw "1"
    shapefile "0.3"

type-check@~0.3.2:
  version "0.3.2"
  resolved "https://registry.yarnpkg.com/type-check/-/type-check-0.3.2.tgz#5884cab512cf1d355e3fb784f30804b2b520db72"
  dependencies:
    prelude-ls "~1.1.2"

typedarray-pool@^1.0.0, typedarray-pool@^1.0.2:
  version "1.1.0"
  resolved "https://registry.yarnpkg.com/typedarray-pool/-/typedarray-pool-1.1.0.tgz#d114f484801489f53ecab5e8088aa23044f498d9"
  dependencies:
    bit-twiddle "^1.0.0"
    dup "^1.0.0"

typedarray@^0.0.6:
  version "0.0.6"
  resolved "https://registry.yarnpkg.com/typedarray/-/typedarray-0.0.6.tgz#867ac74e3864187b1d3d47d996a78ec5c8830777"

underscore.string@~2.4.0:
  version "2.4.0"
  resolved "https://registry.yarnpkg.com/underscore.string/-/underscore.string-2.4.0.tgz#8cdd8fbac4e2d2ea1e7e2e8097c42f442280f85b"

underscore@~1.7.0:
  version "1.7.0"
  resolved "https://registry.yarnpkg.com/underscore/-/underscore-1.7.0.tgz#6bbaf0877500d36be34ecaa584e0db9fef035209"

uniq@^1.0.0:
  version "1.0.1"
  resolved "https://registry.yarnpkg.com/uniq/-/uniq-1.0.1.tgz#b31c5ae8254844a3a8281541ce2b04b865a734ff"

util-deprecate@~1.0.1:
  version "1.0.2"
  resolved "https://registry.yarnpkg.com/util-deprecate/-/util-deprecate-1.0.2.tgz#450d4dc9fa70de732762fbd2d4a28981419a0ccf"

validate-npm-package-license@^3.0.1:
  version "3.0.1"
  resolved "https://registry.yarnpkg.com/validate-npm-package-license/-/validate-npm-package-license-3.0.1.tgz#2804babe712ad3379459acfbe24746ab2c303fbc"
  dependencies:
    spdx-correct "~1.0.0"
    spdx-expression-parse "~1.0.0"

what-input@^4.0.3:
  version "4.3.1"
  resolved "https://registry.yarnpkg.com/what-input/-/what-input-4.3.1.tgz#b8ea7554ba1d9171887c4c6addf28185fec3d31d"

which-module@^1.0.0:
  version "1.0.0"
  resolved "https://registry.yarnpkg.com/which-module/-/which-module-1.0.0.tgz#bba63ca861948994ff307736089e3b96026c2a4f"

wordwrap@~0.0.2:
  version "0.0.3"
  resolved "https://registry.yarnpkg.com/wordwrap/-/wordwrap-0.0.3.tgz#a3d5da6cd5c0bc0008d37234bbaf1bed63059107"

wordwrap@~1.0.0:
  version "1.0.0"
  resolved "https://registry.yarnpkg.com/wordwrap/-/wordwrap-1.0.0.tgz#27584810891456a4171c8d0226441ade90cbcaeb"

wrap-ansi@^2.0.0:
  version "2.1.0"
  resolved "https://registry.yarnpkg.com/wrap-ansi/-/wrap-ansi-2.1.0.tgz#d8fc3d284dd05794fe84973caecdd1cf824fdd85"
  dependencies:
    string-width "^1.0.1"
    strip-ansi "^3.0.1"

xtend@~4.0.1:
  version "4.0.1"
  resolved "https://registry.yarnpkg.com/xtend/-/xtend-4.0.1.tgz#a5c6d532be656e23db820efb943a1f04998d63af"

y18n@^3.2.1:
  version "3.2.1"
  resolved "https://registry.yarnpkg.com/y18n/-/y18n-3.2.1.tgz#6d15fba884c08679c0d77e88e7759e811e07fa41"

yargs-parser@^5.0.0:
  version "5.0.0"
  resolved "https://registry.yarnpkg.com/yargs-parser/-/yargs-parser-5.0.0.tgz#275ecf0d7ffe05c77e64e7c86e4cd94bf0e1228a"
  dependencies:
    camelcase "^3.0.0"

yargs@7.0.2:
  version "7.0.2"
  resolved "https://registry.yarnpkg.com/yargs/-/yargs-7.0.2.tgz#115b97df1321823e8b8648e8968c782521221f67"
  dependencies:
    camelcase "^3.0.0"
    cliui "^3.2.0"
    decamelize "^1.1.1"
    get-caller-file "^1.0.1"
    os-locale "^1.4.0"
    read-pkg-up "^1.0.1"
    require-directory "^2.1.1"
    require-main-filename "^1.0.1"
    set-blocking "^2.0.0"
    string-width "^1.0.2"
    which-module "^1.0.0"
    y18n "^3.2.1"
    yargs-parser "^5.0.0"
    